skin:
  ==: com.isnakebuzz.npcapi.skins.SkinData
  value: ewogICJ0aW1lc3RhbXAiIDogMTcwNzA0NTU1MzM2NSwKICAicHJvZmlsZUlkIiA6ICJkMzZkODM1ZmU3MDc0ZDQzODI4NjE0ZWQ3YzMyNWFjMiIsCiAgInByb2ZpbGVOYW1lIiA6ICJTa3lCbG9jayIsCiAgInNpZ25hdHVyZVJlcXVpcmVkIiA6IHRydWUsCiAgInRleHR1cmVzIiA6IHsKICAgICJTS0lOIiA6IHsKICAgICAgInVybCIgOiAiaHR0cDovL3RleHR1cmVzLm1pbmVjcmFmdC5uZXQvdGV4dHVyZS8yMmI2MTJkOTAzMmIzZWVmMjNhM2NiZGViYjIyNjE5ZDg1ZGNmNWZlNjNjMDBkMDc0YzQxZjdlNWUzOTk5Y2Q1IgogICAgfQogIH0KfQ==
  signature: sAEj1DTi4p25xgHaQCDEAU3YFRaRytiIbS9ixmmLLIRk3Blvi3BXc3rnRbBfAf4OuHPFglhwW5B7fBZky6DOFYzecBBHRsRF5jD3T9sc5/aaCsir8d8wp5oGYV+R3CTQXN4TrTp1MD4f7m/jU1J0NxD8JutR+c5j26nKRCNHO+P7OFG/ABCeipoNnUFjRcc85eH+AFZHCw1nKn4i+fFElVdtNCPoP2SEp29UC2b90zYbg7/4jjDE6wOwHT9Xx7Vuzd91j14GDaFqmHcZfYqW7wA3wXwDSGv9yLcy5MagScrCbuG/jhb17AS1DZubwrBTkitxCgVOvhkgzHFwReXZaEJRChVfBYkxF+5MN/q97VHY8HrVrjhVgCnTbFDHdREJx23nWXQM/SxjkWR8M2pQqyOmR24JMS1miq9OFia2guiZ2ftpaYALvpPb5y6+08nILaAhqZNNrXHaCz4rDLk14MQFG6+8cRhYWMuzgFf9X6bGG+BGMFtP5V9IZfBOJMBZacq8JACZvIinA5yvHvxr+Tj3SrMJgB+tfJIyQvfL1xzSt+wpYlr7NtTJ9pb61oxOvilou7HtQrFpBgF4/RrEMzwhDXv+11CUvKGrcwzcQrRvLo3lClgCdzebdnwD8Hm2bCDAtNNLP1ZmaGYYh5KsgGODpXlQlEEI4j+WQj65QYk=
  uuid: fb1ccad7-725e-41f0-bdeb-5bee9764f9c4
  name: skyblock
  timestamp: 1707045554398
  autoUpdate: true
